// !$*UTF8*$!
{
	archiveVersion = 1;
	classes = {
	};
	objectVersion = 46;
	objects = {

/* Begin PBXBuildFile section */
		FCBB80C117207CFD00E6BC33 /* Trailer2.mp4 in Resources */ = {isa = PBXBuildFile; fileRef = FCBB80BF17207CFD00E6BC33 /* Trailer2.mp4 */; };
		FCBB80C217207CFD00E6BC33 /* Trailer3.mp4 in Resources */ = {isa = PBXBuildFile; fileRef = FCBB80C017207CFD00E6BC33 /* Trailer3.mp4 */; };
		FCBB80C517207D1500E6BC33 /* Trailer2.png in Resources */ = {isa = PBXBuildFile; fileRef = FCBB80C317207D1500E6BC33 /* Trailer2.png */; };
		FCBB80C617207D1500E6BC33 /* Trailer3.png in Resources */ = {isa = PBXBuildFile; fileRef = FCBB80C417207D1500E6BC33 /* Trailer3.png */; };
		FCBB80C817207DAC00E6BC33 /* Trailer1.png in Resources */ = {isa = PBXBuildFile; fileRef = FCBB80C717207DAC00E6BC33 /* Trailer1.png */; };
		FCBB80CB17207E2100E6BC33 /* Trailer2ViewController.m in Sources */ = {isa = PBXBuildFile; fileRef = FCBB80CA17207E2100E6BC33 /* Trailer2ViewController.m */; };
		FCBB80CE17207E4600E6BC33 /* Trailer3ViewController.m in Sources */ = {isa = PBXBuildFile; fileRef = FCBB80CD17207E4600E6BC33 /* Trailer3ViewController.m */; };
		FCC0C2D71713A53E0095FF1E /* UIKit.framework in Frameworks */ = {isa = PBXBuildFile; fileRef = FCC0C2D61713A53E0095FF1E /* UIKit.framework */; };
		FCC0C2D91713A53E0095FF1E /* Foundation.framework in Frameworks */ = {isa = PBXBuildFile; fileRef = FCC0C2D81713A53E0095FF1E /* Foundation.framework */; };
		FCC0C2DB1713A53E0095FF1E /* CoreGraphics.framework in Frameworks */ = {isa = PBXBuildFile; fileRef = FCC0C2DA1713A53E0095FF1E /* CoreGraphics.framework */; };
		FCC0C2E11713A53E0095FF1E /* InfoPlist.strings in Resources */ = {isa = PBXBuildFile; fileRef = FCC0C2DF1713A53E0095FF1E /* InfoPlist.strings */; };
		FCC0C2E31713A53E0095FF1E /* main.m in Sources */ = {isa = PBXBuildFile; fileRef = FCC0C2E21713A53E0095FF1E /* main.m */; };
		FCC0C2E71713A53E0095FF1E /* MyMoviesAppDelegate.m in Sources */ = {isa = PBXBuildFile; fileRef = FCC0C2E61713A53E0095FF1E /* MyMoviesAppDelegate.m */; };
		FCC0C2E91713A53E0095FF1E /* Default.png in Resources */ = {isa = PBXBuildFile; fileRef = FCC0C2E81713A53E0095FF1E /* Default.png */; };
		FCC0C2EB1713A53E0095FF1E /* Default@2x.png in Resources */ = {isa = PBXBuildFile; fileRef = FCC0C2EA1713A53E0095FF1E /* Default@2x.png */; };
		FCC0C2ED1713A53E0095FF1E /* Default-568h@2x.png in Resources */ = {isa = PBXBuildFile; fileRef = FCC0C2EC1713A53E0095FF1E /* Default-568h@2x.png */; };
		FCC0C2F01713A53E0095FF1E /* MainStoryboard.storyboard in Resources */ = {isa = PBXBuildFile; fileRef = FCC0C2EE1713A53E0095FF1E /* MainStoryboard.storyboard */; };
		FCC0C2F31713A53E0095FF1E /* MyMoviesViewController.m in Sources */ = {isa = PBXBuildFile; fileRef = FCC0C2F21713A53E0095FF1E /* MyMoviesViewController.m */; };
		FCC0C3041713A7F40095FF1E /* 7272.png in Resources */ = {isa = PBXBuildFile; fileRef = FCC0C3011713A7F40095FF1E /* 7272.png */; };
		FCC0C3051713A7F40095FF1E /* 114114.png in Resources */ = {isa = PBXBuildFile; fileRef = FCC0C3021713A7F40095FF1E /* 114114.png */; };
		FCC0C3061713A7F40095FF1E /* trailer1.mp4 in Resources */ = {isa = PBXBuildFile; fileRef = FCC0C3031713A7F40095FF1E /* trailer1.mp4 */; };
		FCC0C3081713A9B50095FF1E /* MediaPlayer.framework in Frameworks */ = {isa = PBXBuildFile; fileRef = FCC0C3071713A9B50095FF1E /* MediaPlayer.framework */; };
		FCC0C30C1713AC850095FF1E /* Trailer1ViewController.m in Sources */ = {isa = PBXBuildFile; fileRef = FCC0C30B1713AC850095FF1E /* Trailer1ViewController.m */; };
/* End PBXBuildFile section */

/* Begin PBXFileReference section */
		FCBB80BF17207CFD00E6BC33 /* Trailer2.mp4 */ = {isa = PBXFileReference; lastKnownFileType = file; path = Trailer2.mp4; sourceTree = "<group>"; };
		FCBB80C017207CFD00E6BC33 /* Trailer3.mp4 */ = {isa = PBXFileReference; lastKnownFileType = file; path = Trailer3.mp4; sourceTree = "<group>"; };
		FCBB80C317207D1500E6BC33 /* Trailer2.png */ = {isa = PBXFileReference; lastKnownFileType = image.png; path = Trailer2.png; sourceTree = "<group>"; };
		FCBB80C417207D1500E6BC33 /* Trailer3.png */ = {isa = PBXFileReference; lastKnownFileType = image.png; path = Trailer3.png; sourceTree = "<group>"; };
		FCBB80C717207DAC00E6BC33 /* Trailer1.png */ = {isa = PBXFileReference; lastKnownFileType = image.png; path = Trailer1.png; sourceTree = "<group>"; };
		FCBB80C917207E2100E6BC33 /* Trailer2ViewController.h */ = {isa = PBXFileReference; fileEncoding = 4; lastKnownFileType = sourcecode.c.h; path = Trailer2ViewController.h; sourceTree = "<group>"; };
		FCBB80CA17207E2100E6BC33 /* Trailer2ViewController.m */ = {isa = PBXFileReference; fileEncoding = 4; lastKnownFileType = sourcecode.c.objc; path = Trailer2ViewController.m; sourceTree = "<group>"; };
		FCBB80CC17207E4600E6BC33 /* Trailer3ViewController.h */ = {isa = PBXFileReference; fileEncoding = 4; lastKnownFileType = sourcecode.c.h; path = Trailer3ViewController.h; sourceTree = "<group>"; };
		FCBB80CD17207E4600E6BC33 /* Trailer3ViewController.m */ = {isa = PBXFileReference; fileEncoding = 4; lastKnownFileType = sourcecode.c.objc; path = Trailer3ViewController.m; sourceTree = "<group>"; };
		FCC0C2D31713A53E0095FF1E /* MyMovies.app */ = {isa = PBXFileReference; explicitFileType = wrapper.application; includeInIndex = 0; path = MyMovies.app; sourceTree = BUILT_PRODUCTS_DIR; };
		FCC0C2D61713A53E0095FF1E /* UIKit.framework */ = {isa = PBXFileReference; lastKnownFileType = wrapper.framework; name = UIKit.framework; path = System/Library/Frameworks/UIKit.framework; sourceTree = SDKROOT; };
		FCC0C2D81713A53E0095FF1E /* Foundation.framework */ = {isa = PBXFileReference; lastKnownFileType = wrapper.framework; name = Foundation.framework; path = System/Library/Frameworks/Foundation.framework; sourceTree = SDKROOT; };
		FCC0C2DA1713A53E0095FF1E /* CoreGraphics.framework */ = {isa = PBXFileReference; lastKnownFileType = wrapper.framework; name = CoreGraphics.framework; path = System/Library/Frameworks/CoreGraphics.framework; sourceTree = SDKROOT; };
		FCC0C2DE1713A53E0095FF1E /* MyMovies-Info.plist */ = {isa = PBXFileReference; lastKnownFileType = text.plist.xml; path = "MyMovies-Info.plist"; sourceTree = "<group>"; };
		FCC0C2E01713A53E0095FF1E /* en */ = {isa = PBXFileReference; lastKnownFileType = text.plist.strings; name = en; path = en.lproj/InfoPlist.strings; sourceTree = "<group>"; };
		FCC0C2E21713A53E0095FF1E /* main.m */ = {isa = PBXFileReference; lastKnownFileType = sourcecode.c.objc; path = main.m; sourceTree = "<group>"; };
		FCC0C2E41713A53E0095FF1E /* MyMovies-Prefix.pch */ = {isa = PBXFileReference; lastKnownFileType = sourcecode.c.h; path = "MyMovies-Prefix.pch"; sourceTree = "<group>"; };
		FCC0C2E51713A53E0095FF1E /* MyMoviesAppDelegate.h */ = {isa = PBXFileReference; lastKnownFileType = sourcecode.c.h; path = MyMoviesAppDelegate.h; sourceTree = "<group>"; };
		FCC0C2E61713A53E0095FF1E /* MyMoviesAppDelegate.m */ = {isa = PBXFileReference; lastKnownFileType = sourcecode.c.objc; path = MyMoviesAppDelegate.m; sourceTree = "<group>"; };
		FCC0C2E81713A53E0095FF1E /* Default.png */ = {isa = PBXFileReference; lastKnownFileType = image.png; path = Default.png; sourceTree = "<group>"; };
		FCC0C2EA1713A53E0095FF1E /* Default@2x.png */ = {isa = PBXFileReference; lastKnownFileType = image.png; path = "Default@2x.png"; sourceTree = "<group>"; };
		FCC0C2EC1713A53E0095FF1E /* Default-568h@2x.png */ = {isa = PBXFileReference; lastKnownFileType = image.png; path = "Default-568h@2x.png"; sourceTree = "<group>"; };
		FCC0C2EF1713A53E0095FF1E /* en */ = {isa = PBXFileReference; lastKnownFileType = file.storyboard; name = en; path = en.lproj/MainStoryboard.storyboard; sourceTree = "<group>"; };
		FCC0C2F11713A53E0095FF1E /* MyMoviesViewController.h */ = {isa = PBXFileReference; lastKnownFileType = sourcecode.c.h; path = MyMoviesViewController.h; sourceTree = "<group>"; };
		FCC0C2F21713A53E0095FF1E /* MyMoviesViewController.m */ = {isa = PBXFileReference; lastKnownFileType = sourcecode.c.objc; path = MyMoviesViewController.m; sourceTree = "<group>"; };
		FCC0C3011713A7F40095FF1E /* 7272.png */ = {isa = PBXFileReference; lastKnownFileType = image.png; path = 7272.png; sourceTree = "<group>"; };
		FCC0C3021713A7F40095FF1E /* 114114.png */ = {isa = PBXFileReference; lastKnownFileType = image.png; path = 114114.png; sourceTree = "<group>"; };
		FCC0C3031713A7F40095FF1E /* trailer1.mp4 */ = {isa = PBXFileReference; lastKnownFileType = file; path = trailer1.mp4; sourceTree = "<group>"; };
		FCC0C3071713A9B50095FF1E /* MediaPlayer.framework */ = {isa = PBXFileReference; lastKnownFileType = wrapper.framework; name = MediaPlayer.framework; path = System/Library/Frameworks/MediaPlayer.framework; sourceTree = SDKROOT; };
		FCC0C30A1713AC850095FF1E /* Trailer1ViewController.h */ = {isa = PBXFileReference; fileEncoding = 4; lastKnownFileType = sourcecode.c.h; path = Trailer1ViewController.h; sourceTree = "<group>"; };
		FCC0C30B1713AC850095FF1E /* Trailer1ViewController.m */ = {isa = PBXFileReference; fileEncoding = 4; lastKnownFileType = sourcecode.c.objc; path = Trailer1ViewController.m; sourceTree = "<group>"; };
/* End PBXFileReference section */

/* Begin PBXFrameworksBuildPhase section */
		FCC0C2D01713A53E0095FF1E /* Frameworks */ = {
			isa = PBXFrameworksBuildPhase;
			buildActionMask = 2147483647;
			files = (
				FCC0C3081713A9B50095FF1E /* MediaPlayer.framework in Frameworks */,
				FCC0C2D71713A53E0095FF1E /* UIKit.framework in Frameworks */,
				FCC0C2D91713A53E0095FF1E /* Foundation.framework in Frameworks */,
				FCC0C2DB1713A53E0095FF1E /* CoreGraphics.framework in Frameworks */,
			);
			runOnlyForDeploymentPostprocessing = 0;
		};
/* End PBXFrameworksBuildPhase section */

/* Begin PBXGroup section */
		FCC0C2CA1713A53E0095FF1E = {
			isa = PBXGroup;
			children = (
				FCC0C3091713AC380095FF1E /* Trailers */,
				FCC0C3071713A9B50095FF1E /* MediaPlayer.framework */,
				FCC0C2DC1713A53E0095FF1E /* MyMovies */,
				FCC0C2D51713A53E0095FF1E /* Frameworks */,
				FCC0C2D41713A53E0095FF1E /* Products */,
			);
			sourceTree = "<group>";
		};
		FCC0C2D41713A53E0095FF1E /* Products */ = {
			isa = PBXGroup;
			children = (
				FCC0C2D31713A53E0095FF1E /* MyMovies.app */,
			);
			name = Products;
			sourceTree = "<group>";
		};
		FCC0C2D51713A53E0095FF1E /* Frameworks */ = {
			isa = PBXGroup;
			children = (
				FCC0C2D61713A53E0095FF1E /* UIKit.framework */,
				FCC0C2D81713A53E0095FF1E /* Foundation.framework */,
				FCC0C2DA1713A53E0095FF1E /* CoreGraphics.framework */,
			);
			name = Frameworks;
			sourceTree = "<group>";
		};
		FCC0C2DC1713A53E0095FF1E /* MyMovies */ = {
			isa = PBXGroup;
			children = (
				FCC0C2E51713A53E0095FF1E /* MyMoviesAppDelegate.h */,
				FCC0C2E61713A53E0095FF1E /* MyMoviesAppDelegate.m */,
				FCC0C2EE1713A53E0095FF1E /* MainStoryboard.storyboard */,
				FCC0C2F11713A53E0095FF1E /* MyMoviesViewController.h */,
				FCC0C2F21713A53E0095FF1E /* MyMoviesViewController.m */,
				FCC0C2DD1713A53E0095FF1E /* Supporting Files */,
			);
			path = MyMovies;
			sourceTree = "<group>";
		};
		FCC0C2DD1713A53E0095FF1E /* Supporting Files */ = {
			isa = PBXGroup;
			children = (
				FCBB80C717207DAC00E6BC33 /* Trailer1.png */,
				FCBB80C317207D1500E6BC33 /* Trailer2.png */,
				FCBB80C417207D1500E6BC33 /* Trailer3.png */,
				FCBB80BF17207CFD00E6BC33 /* Trailer2.mp4 */,
				FCBB80C017207CFD00E6BC33 /* Trailer3.mp4 */,
				FCC0C3011713A7F40095FF1E /* 7272.png */,
				FCC0C3021713A7F40095FF1E /* 114114.png */,
				FCC0C3031713A7F40095FF1E /* trailer1.mp4 */,
				FCC0C2DE1713A53E0095FF1E /* MyMovies-Info.plist */,
				FCC0C2DF1713A53E0095FF1E /* InfoPlist.strings */,
				FCC0C2E21713A53E0095FF1E /* main.m */,
				FCC0C2E41713A53E0095FF1E /* MyMovies-Prefix.pch */,
				FCC0C2E81713A53E0095FF1E /* Default.png */,
				FCC0C2EA1713A53E0095FF1E /* Default@2x.png */,
				FCC0C2EC1713A53E0095FF1E /* Default-568h@2x.png */,
			);
			name = "Supporting Files";
			sourceTree = "<group>";
		};
		FCC0C3091713AC380095FF1E /* Trailers */ = {
			isa = PBXGroup;
			children = (
				FCC0C30A1713AC850095FF1E /* Trailer1ViewController.h */,
				FCC0C30B1713AC850095FF1E /* Trailer1ViewController.m */,
				FCBB80C917207E2100E6BC33 /* Trailer2ViewController.h */,
				FCBB80CA17207E2100E6BC33 /* Trailer2ViewController.m */,
				FCBB80CC17207E4600E6BC33 /* Trailer3ViewController.h */,
				FCBB80CD17207E4600E6BC33 /* Trailer3ViewController.m */,
			);
			name = Trailers;
			sourceTree = "<group>";
		};
/* End PBXGroup section */

/* Begin PBXNativeTarget section */
		FCC0C2D21713A53E0095FF1E /* MyMovies */ = {
			isa = PBXNativeTarget;
			buildConfigurationList = FCC0C2F61713A53E0095FF1E /* Build configuration list for PBXNativeTarget "MyMovies" */;
			buildPhases = (
				FCC0C2CF1713A53E0095FF1E /* Sources */,
				FCC0C2D01713A53E0095FF1E /* Frameworks */,
				FCC0C2D11713A53E0095FF1E /* Resources */,
			);
			buildRules = (
			);
			dependencies = (
			);
			name = MyMovies;
			productName = MyMovies;
			productReference = FCC0C2D31713A53E0095FF1E /* MyMovies.app */;
			productType = "com.apple.product-type.application";
		};
/* End PBXNativeTarget section */

/* Begin PBXProject section */
		FCC0C2CB1713A53E0095FF1E /* Project object */ = {
			isa = PBXProject;
			attributes = {
				CLASSPREFIX = MyMovies;
				LastUpgradeCheck = 0460;
				ORGANIZATIONNAME = "RVC Student";
			};
			buildConfigurationList = FCC0C2CE1713A53E0095FF1E /* Build configuration list for PBXProject "MyMovies" */;
			compatibilityVersion = "Xcode 3.2";
			developmentRegion = English;
			hasScannedForEncodings = 0;
			knownRegions = (
				en,
			);
			mainGroup = FCC0C2CA1713A53E0095FF1E;
			productRefGroup = FCC0C2D41713A53E0095FF1E /* Products */;
			projectDirPath = "";
			projectRoot = "";
			targets = (
				FCC0C2D21713A53E0095FF1E /* MyMovies */,
			);
		};
/* End PBXProject section */

/* Begin PBXResourcesBuildPhase section */
		FCC0C2D11713A53E0095FF1E /* Resources */ = {
			isa = PBXResourcesBuildPhase;
			buildActionMask = 2147483647;
			files = (
				FCC0C2E11713A53E0095FF1E /* InfoPlist.strings in Resources */,
				FCC0C2E91713A53E0095FF1E /* Default.png in Resources */,
				FCC0C2EB1713A53E0095FF1E /* Default@2x.png in Resources */,
				FCC0C2ED1713A53E0095FF1E /* Default-568h@2x.png in Resources */,
				FCC0C2F01713A53E0095FF1E /* MainStoryboard.storyboard in Resources */,
				FCC0C3041713A7F40095FF1E /* 7272.png in Resources */,
				FCC0C3051713A7F40095FF1E /* 114114.png in Resources */,
				FCC0C3061713A7F40095FF1E /* trailer1.mp4 in Resources */,
				FCBB80C117207CFD00E6BC33 /* Trailer2.mp4 in Resources */,
				FCBB80C217207CFD00E6BC33 /* Trailer3.mp4 in Resources */,
				FCBB80C517207D1500E6BC33 /* Trailer2.png in Resources */,
				FCBB80C617207D1500E6BC33 /* Trailer3.png in Resources */,
				FCBB80C817207DAC00E6BC33 /* Trailer1.png in Resources */,
			);
			runOnlyForDeploymentPostprocessing = 0;
		};
/* End PBXResourcesBuildPhase section */

/* Begin PBXSourcesBuildPhase section */
		FCC0C2CF1713A53E0095FF1E /* Sources */ = {
			isa = PBXSourcesBuildPhase;
			buildActionMask = 2147483647;
			files = (
				FCC0C2E31713A53E0095FF1E /* main.m in Sources */,
				FCC0C2E71713A53E0095FF1E /* MyMoviesAppDelegate.m in Sources */,
				FCC0C2F31713A53E0095FF1E /* MyMoviesViewController.m in Sources */,
				FCC0C30C1713AC850095FF1E /* Trailer1ViewController.m in Sources */,
				FCBB80CB17207E2100E6BC33 /* Trailer2ViewController.m in Sources */,
				FCBB80CE17207E4600E6BC33 /* Trailer3ViewController.m in Sources */,
			);
			runOnlyForDeploymentPostprocessing = 0;
		};
/* End PBXSourcesBuildPhase section */

/* Begin PBXVariantGroup section */
		FCC0C2DF1713A53E0095FF1E /* InfoPlist.strings */ = {
			isa = PBXVariantGroup;
			children = (
				FCC0C2E01713A53E0095FF1E /* en */,
			);
			name = InfoPlist.strings;
			sourceTree = "<group>";
		};
		FCC0C2EE1713A53E0095FF1E /* MainStoryboard.storyboard */ = {
			isa = PBXVariantGroup;
			children = (
				FCC0C2EF1713A53E0095FF1E /* en */,
			);
			name = MainStoryboard.storyboard;
			sourceTree = "<group>";
		};
/* End PBXVariantGroup section */

/* Begin XCBuildConfiguration section */
		FCC0C2F41713A53E0095FF1E /* Debug */ = {
			isa = XCBuildConfiguration;
			buildSettings = {
				ALWAYS_SEARCH_USER_PATHS = NO;
				CLANG_CXX_LANGUAGE_STANDARD = "gnu++0x";
				CLANG_CXX_LIBRARY = "libc++";
				CLANG_WARN_CONSTANT_CONVERSION = YES;
				CLANG_WARN_EMPTY_BODY = YES;
				CLANG_WARN_ENUM_CONVERSION = YES;
				CLANG_WARN_INT_CONVERSION = YES;
				CLANG_WARN__DUPLICATE_METHOD_MATCH = YES;
				"CODE_SIGN_IDENTITY[sdk=iphoneos*]" = "iPhone Developer";
				COPY_PHASE_STRIP = NO;
				GCC_C_LANGUAGE_STANDARD = gnu99;
				GCC_DYNAMIC_NO_PIC = NO;
				GCC_OPTIMIZATION_LEVEL = 0;
				GCC_PREPROCESSOR_DEFINITIONS = (
					"DEBUG=1",
					"$(inherited)",
				);
				GCC_SYMBOLS_PRIVATE_EXTERN = NO;
				GCC_WARN_ABOUT_RETURN_TYPE = YES;
				GCC_WARN_UNINITIALIZED_AUTOS = YES;
				GCC_WARN_UNUSED_VARIABLE = YES;
				IPHONEOS_DEPLOYMENT_TARGET = 6.1;
				ONLY_ACTIVE_ARCH = YES;
				SDKROOT = iphoneos;
			};
			name = Debug;
		};
		FCC0C2F51713A53E0095FF1E /* Release */ = {
			isa = XCBuildConfiguration;
			buildSettings = {
				ALWAYS_SEARCH_USER_PATHS = NO;
				CLANG_CXX_LANGUAGE_STANDARD = "gnu++0x";
				CLANG_CXX_LIBRARY = "libc++";
				CLANG_WARN_CONSTANT_CONVERSION = YES;
				CLANG_WARN_EMPTY_BODY = YES;
				CLANG_WARN_ENUM_CONVERSION = YES;
				CLANG_WARN_INT_CONVERSION = YES;
				CLANG_WARN__DUPLICATE_METHOD_MATCH = YES;
				"CODE_SIGN_IDENTITY[sdk=iphoneos*]" = "iPhone Developer";
				COPY_PHASE_STRIP = YES;
				GCC_C_LANGUAGE_STANDARD = gnu99;
				GCC_WARN_ABOUT_RETURN_TYPE = YES;
				GCC_WARN_UNINITIALIZED_AUTOS = YES;
				GCC_WARN_UNUSED_VARIABLE = YES;
				IPHONEOS_DEPLOYMENT_TARGET = 6.1;
				OTHER_CFLAGS = "-DNS_BLOCK_ASSERTIONS=1";
				SDKROOT = iphoneos;
				VALIDATE_PRODUCT = YES;
			};
			name = Release;
		};
		FCC0C2F71713A53E0095FF1E /* Debug */ = {
			isa = XCBuildConfiguration;
			buildSettings = {
				GCC_PRECOMPILE_PREFIX_HEADER = YES;
				GCC_PREFIX_HEADER = "MyMovies/MyMovies-Prefix.pch";
				INFOPLIST_FILE = "MyMovies/MyMovies-Info.plist";
				PRODUCT_NAME = "$(TARGET_NAME)";
				WRAPPER_EXTENSION = app;
			};
			name = Debug;
		};
		FCC0C2F81713A53E0095FF1E /* Release */ = {
			isa = XCBuildConfiguration;
			buildSettings = {
				GCC_PRECOMPILE_PREFIX_HEADER = YES;
				GCC_PREFIX_HEADER = "MyMovies/MyMovies-Prefix.pch";
				INFOPLIST_FILE = "MyMovies/MyMovies-Info.plist";
				PRODUCT_NAME = "$(TARGET_NAME)";
				WRAPPER_EXTENSION = app;
			};
			name = Release;
		};
/* End XCBuildConfiguration section */

/* Begin XCConfigurationList section */
		FCC0C2CE1713A53E0095FF1E /* Build configuration list for PBXProject "MyMovies" */ = {
			isa = XCConfigurationList;
			buildConfigurations = (
				FCC0C2F41713A53E0095FF1E /* Debug */,
				FCC0C2F51713A53E0095FF1E /* Release */,
			);
			defaultConfigurationIsVisible = 0;
			defaultConfigurationName = Release;
		};
		FCC0C2F61713A53E0095FF1E /* Build configuration list for PBXNativeTarget "MyMovies" */ = {
			isa = XCConfigurationList;
			buildConfigurations = (
				FCC0C2F71713A53E0095FF1E /* Debug */,
				FCC0C2F81713A53E0095FF1E /* Release */,
			);
			defaultConfigurationIsVisible = 0;
			defaultConfigurationName = Release;
		};
/* End XCConfigurationList section */
	};
	rootObject = FCC0C2CB1713A53E0095FF1E /* Project object */;
}
